// !$*UTF8*$!
{ archiveVersion = 1; classes = {}; objectVersion = 56; objects = {
8A1A1ABA504B4DCB535FD039 = { isa = PBXFileReference; lastKnownFileType = sourcecode.swift; path = "AnalysisViews.swift"; sourceTree = "<group>"; };
AF4F0E6A1CF343B00155D786 = { isa = PBXBuildFile; fileRef = 8A1A1ABA504B4DCB535FD039; };
AAFC95544C0461584E91BC85 = { isa = PBXFileReference; lastKnownFileType = sourcecode.swift; path = "App.swift"; sourceTree = "<group>"; };
F8ECFC2951A650DA3FC7EF17 = { isa = PBXBuildFile; fileRef = AAFC95544C0461584E91BC85; };
7060E182E1EA931AF9EFA029 = { isa = PBXFileReference; lastKnownFileType = sourcecode.swift; path = "Domain.swift"; sourceTree = "<group>"; };
22DC1D622205C6CAB8FF0304 = { isa = PBXBuildFile; fileRef = 7060E182E1EA931AF9EFA029; };
638683E8370DF6E749EF1BD7 = { isa = PBXFileReference; lastKnownFileType = sourcecode.swift; path = "Intents.swift"; sourceTree = "<group>"; };
2B61E6B6CE2BE22547C4DE5C = { isa = PBXBuildFile; fileRef = 638683E8370DF6E749EF1BD7; };
D2D48BCD7868A465434AA156 = { isa = PBXFileReference; lastKnownFileType = sourcecode.swift; path = "LiveRecords.swift"; sourceTree = "<group>"; };
C96EFD003B76CFA1E5F392DF = { isa = PBXBuildFile; fileRef = D2D48BCD7868A465434AA156; };
2186E666CAE0470125A35CFA = { isa = PBXFileReference; lastKnownFileType = sourcecode.swift; path = "OneTapRecords.swift"; sourceTree = "<group>"; };
4D777EF5493DB51238EA3985 = { isa = PBXBuildFile; fileRef = 2186E666CAE0470125A35CFA; };
A2A5B76D3D0D6E1647FE11DB = { isa = PBXFileReference; lastKnownFileType = sourcecode.swift; path = "PersonalizationViews.swift"; sourceTree = "<group>"; };
76765C930E52433493206A89 = { isa = PBXBuildFile; fileRef = A2A5B76D3D0D6E1647FE11DB; };
DD53744F65E22BDEC3A5CB16 = { isa = PBXFileReference; lastKnownFileType = sourcecode.swift; path = "QuickEntryView.swift"; sourceTree = "<group>"; };
29066990FD6E3C1AD9D31925 = { isa = PBXBuildFile; fileRef = DD53744F65E22BDEC3A5CB16; };
944447DDE066A08DBCC4BF63 = { isa = PBXFileReference; lastKnownFileType = sourcecode.swift; path = "SettingsViews.swift"; sourceTree = "<group>"; };
7B254003994881FCF1DF04A0 = { isa = PBXBuildFile; fileRef = 944447DDE066A08DBCC4BF63; };
409FF40BCFC1F14473F9666F = { isa = PBXFileReference; lastKnownFileType = sourcecode.swift; path = "Store.swift"; sourceTree = "<group>"; };
C4CCFB55434616609FAF0AA9 = { isa = PBXBuildFile; fileRef = 409FF40BCFC1F14473F9666F; };
2EB56BE3C2D93CDAB0C52E67 = { isa = PBXGroup; path = Sources; sourceTree = "<group>"; children = (8A1A1ABA504B4DCB535FD039,AAFC95544C0461584E91BC85,7060E182E1EA931AF9EFA029,638683E8370DF6E749EF1BD7,D2D48BCD7868A465434AA156,2186E666CAE0470125A35CFA,A2A5B76D3D0D6E1647FE11DB,DD53744F65E22BDEC3A5CB16,944447DDE066A08DBCC4BF63,409FF40BCFC1F14473F9666F); };
82A3AF1AA768A72E8CE90945 = { isa = PBXFileReference; lastKnownFileType = sourcecode.swift; path = "DomainTests.swift"; sourceTree = "<group>"; };
4AA745D8799DCF18AB0FAC45 = { isa = PBXBuildFile; fileRef = 82A3AF1AA768A72E8CE90945; };
39FDEC1194D94212B871A28B = { isa = PBXGroup; path = Tests; sourceTree = "<group>"; children = (82A3AF1AA768A72E8CE90945); };
AAF1C158AD6487FE338574BC = { isa = PBXFileReference; lastKnownFileType = sourcecode.swift; path = "FlowTests.swift"; sourceTree = "<group>"; };
A605D8E7D42CE01B95D2E98B = { isa = PBXBuildFile; fileRef = AAF1C158AD6487FE338574BC; };
8D5093D2C263EEDEAE2010BE = { isa = PBXGroup; path = UITests; sourceTree = "<group>"; children = (AAF1C158AD6487FE338574BC); };
83AD91BFF5930DB8D780F1EA = { isa = PBXFileReference; lastKnownFileType = sourcecode.swift; path = "LiveRecordWidget.swift"; sourceTree = "<group>"; };
4B5FB2C912687627ADFC7831 = { isa = PBXBuildFile; fileRef = 83AD91BFF5930DB8D780F1EA; };
D4C5C9EA6C076E891B3BA128 = { isa = PBXFileReference; lastKnownFileType = sourcecode.swift; path = "RecordControl.swift"; sourceTree = "<group>"; };
91DEE48562885D630DB07377 = { isa = PBXBuildFile; fileRef = D4C5C9EA6C076E891B3BA128; };
BEE75CA77F753E4846B45544 = { isa = PBXGroup; path = Controls; sourceTree = "<group>"; children = (83AD91BFF5930DB8D780F1EA,D4C5C9EA6C076E891B3BA128); };
6867408DA4B211E08BDFB559 = { isa = PBXFileReference; lastKnownFileType = sourcecode.swift; path = "OpenRecordControlIntent.swift"; sourceTree = "<group>"; };
FFCE8A5A28181C29FA90ED42 = { isa = PBXBuildFile; fileRef = 6867408DA4B211E08BDFB559; };
DD686DA4BC764777ABBB24FE = { isa = PBXFileReference; lastKnownFileType = sourcecode.swift; path = "RecordActivity.swift"; sourceTree = "<group>"; };
B9084AF6C5228DE05E8C6517 = { isa = PBXBuildFile; fileRef = DD686DA4BC764777ABBB24FE; };
50D0D8DD11A959484CB838E0 = { isa = PBXGroup; path = Shared; sourceTree = "<group>"; children = (6867408DA4B211E08BDFB559,DD686DA4BC764777ABBB24FE); };
3685E330EC5277A9DD5661C6 = { isa = PBXFileReference; lastKnownFileType = folder.assetcatalog; path = Resources/Assets.xcassets; sourceTree = SOURCE_ROOT; };
04200CFFD12D083534B07BB1 = { isa = PBXBuildFile; fileRef = 3685E330EC5277A9DD5661C6; };
63B69CB6A27C352961D22BE1 = { isa = PBXFileReference; explicitFileType = wrapper.application; path = ShadowRecord.app; sourceTree = BUILT_PRODUCTS_DIR; };
F15AF681C0D33C7007D585FD = { isa = PBXBuildFile; fileRef = 6867408DA4B211E08BDFB559; };
D35282A6FFBA8BF15C07A312 = { isa = PBXBuildFile; fileRef = DD686DA4BC764777ABBB24FE; };
ADCEC019985F5593A0339093 = { isa = PBXSourcesBuildPhase; buildActionMask = 2147483647; files = (AF4F0E6A1CF343B00155D786,F8ECFC2951A650DA3FC7EF17,22DC1D622205C6CAB8FF0304,2B61E6B6CE2BE22547C4DE5C,C96EFD003B76CFA1E5F392DF,4D777EF5493DB51238EA3985,76765C930E52433493206A89,29066990FD6E3C1AD9D31925,7B254003994881FCF1DF04A0,C4CCFB55434616609FAF0AA9,F15AF681C0D33C7007D585FD,D35282A6FFBA8BF15C07A312); runOnlyForDeploymentPostprocessing = 0; };
4E2617F3B2A1825B31278455 = { isa = PBXFrameworksBuildPhase; buildActionMask = 2147483647; files = (); runOnlyForDeploymentPostprocessing = 0; };
A8F66FB310DA512523DBB394 = { isa = PBXResourcesBuildPhase; buildActionMask = 2147483647; files = (04200CFFD12D083534B07BB1); runOnlyForDeploymentPostprocessing = 0; };
9362AB4AEC0EEC123C1F191D = { isa = XCBuildConfiguration; name = Debug; buildSettings = {MARKETING_VERSION = 1.4.1; CURRENT_PROJECT_VERSION = 11; PRODUCT_NAME = ShadowRecord; PRODUCT_BUNDLE_IDENTIFIER = blog.epiclog.shadowrecord; GENERATE_INFOPLIST_FILE = YES; COPY_PHASE_STRIP = NO; SWIFT_VERSION = 5.0; IPHONEOS_DEPLOYMENT_TARGET = 26.0; TARGETED_DEVICE_FAMILY = 1; CODE_SIGN_STYLE = Automatic; SDKROOT = iphoneos; SUPPORTED_PLATFORMS = "iphoneos iphonesimulator"; SWIFT_STRICT_CONCURRENCY = complete; SWIFT_OPTIMIZATION_LEVEL = "-Onone"; ENABLE_TESTABILITY = YES; INFOPLIST_KEY_NSSupportsLiveActivities = YES; ASSETCATALOG_COMPILER_APPICON_NAME = AppIcon; INFOPLIST_KEY_CFBundleDisplayName = "シャドバ戦績研究"; INFOPLIST_KEY_LSApplicationCategoryType = "public.app-category.utilities"; INFOPLIST_KEY_UILaunchScreen_Generation = YES; INFOPLIST_KEY_UIApplicationSceneManifest_Generation = YES; INFOPLIST_KEY_UISupportedInterfaceOrientations = UIInterfaceOrientationPortrait; INFOPLIST_KEY_UIFileSharingEnabled = YES; INFOPLIST_KEY_LSSupportsOpeningDocumentsInPlace = YES;}; };
E08918F1AA718A074EB1D20F = { isa = XCBuildConfiguration; name = Release; buildSettings = {MARKETING_VERSION = 1.4.1; CURRENT_PROJECT_VERSION = 11; PRODUCT_NAME = ShadowRecord; PRODUCT_BUNDLE_IDENTIFIER = blog.epiclog.shadowrecord; GENERATE_INFOPLIST_FILE = YES; COPY_PHASE_STRIP = NO; SWIFT_VERSION = 5.0; IPHONEOS_DEPLOYMENT_TARGET = 26.0; TARGETED_DEVICE_FAMILY = 1; CODE_SIGN_STYLE = Automatic; SDKROOT = iphoneos; SUPPORTED_PLATFORMS = "iphoneos iphonesimulator"; SWIFT_STRICT_CONCURRENCY = complete; SWIFT_OPTIMIZATION_LEVEL = "-O"; ENABLE_TESTABILITY = NO; INFOPLIST_KEY_NSSupportsLiveActivities = YES; ASSETCATALOG_COMPILER_APPICON_NAME = AppIcon; INFOPLIST_KEY_CFBundleDisplayName = "シャドバ戦績研究"; INFOPLIST_KEY_LSApplicationCategoryType = "public.app-category.utilities"; INFOPLIST_KEY_UILaunchScreen_Generation = YES; INFOPLIST_KEY_UIApplicationSceneManifest_Generation = YES; INFOPLIST_KEY_UISupportedInterfaceOrientations = UIInterfaceOrientationPortrait; INFOPLIST_KEY_UIFileSharingEnabled = YES; INFOPLIST_KEY_LSSupportsOpeningDocumentsInPlace = YES;}; };
4611B62579DA46BE7E22CEBB = { isa = XCConfigurationList; buildConfigurations = (9362AB4AEC0EEC123C1F191D,E08918F1AA718A074EB1D20F); defaultConfigurationIsVisible = 0; defaultConfigurationName = Release; };
9B31D3648B73BCF76DE646CA = { isa = PBXBuildFile; fileRef = E5570D80494EA3CE92E61CA1; settings = { ATTRIBUTES = (RemoveHeadersOnCopy); }; };
EEDCA5EC0EAF868AA1DA7DDC = { isa = PBXCopyFilesBuildPhase; buildActionMask = 2147483647; dstPath = ""; dstSubfolderSpec = 13; files = (9B31D3648B73BCF76DE646CA); name = "Embed App Extensions"; runOnlyForDeploymentPostprocessing = 0; };
1E20310BD91DCC2CE45C2188 = { isa = PBXTargetDependency; target = 5FA334781D3198A9FC2D3B2B; };
487B1A5EC4DDD2DE3D13F0E2 = { isa = PBXNativeTarget; name = ShadowRecord; productName = ShadowRecord; productType = "com.apple.product-type.application"; productReference = 63B69CB6A27C352961D22BE1; buildConfigurationList = 4611B62579DA46BE7E22CEBB; buildPhases = (ADCEC019985F5593A0339093,4E2617F3B2A1825B31278455,A8F66FB310DA512523DBB394,EEDCA5EC0EAF868AA1DA7DDC); buildRules = (); dependencies = (1E20310BD91DCC2CE45C2188); };
C4E74DD0EABBC6B25B9A71CB = { isa = PBXFileReference; explicitFileType = wrapper.cfbundle; path = ShadowRecordTests.xctest; sourceTree = BUILT_PRODUCTS_DIR; };
1E2AAF89AB8CFCF88E432676 = { isa = PBXSourcesBuildPhase; buildActionMask = 2147483647; files = (4AA745D8799DCF18AB0FAC45); runOnlyForDeploymentPostprocessing = 0; };
C8ADC530F6470E1CCA9A8424 = { isa = PBXFrameworksBuildPhase; buildActionMask = 2147483647; files = (); runOnlyForDeploymentPostprocessing = 0; };
5075F9DA7124065AFCAB8AB2 = { isa = PBXResourcesBuildPhase; buildActionMask = 2147483647; files = (); runOnlyForDeploymentPostprocessing = 0; };
765AC2B597AB8C32A836D10F = { isa = XCBuildConfiguration; name = Debug; buildSettings = {MARKETING_VERSION = 1.4.1; CURRENT_PROJECT_VERSION = 11; PRODUCT_NAME = ShadowRecordTests; PRODUCT_BUNDLE_IDENTIFIER = blog.epiclog.shadowrecord.tests; GENERATE_INFOPLIST_FILE = YES; COPY_PHASE_STRIP = NO; SWIFT_VERSION = 5.0; IPHONEOS_DEPLOYMENT_TARGET = 26.0; TARGETED_DEVICE_FAMILY = 1; CODE_SIGN_STYLE = Automatic; SDKROOT = iphoneos; SUPPORTED_PLATFORMS = "iphoneos iphonesimulator"; SWIFT_STRICT_CONCURRENCY = complete; SWIFT_OPTIMIZATION_LEVEL = "-Onone"; ENABLE_TESTABILITY = YES; TEST_HOST = "$(BUILT_PRODUCTS_DIR)/ShadowRecord.app/$(BUNDLE_EXECUTABLE_FOLDER_PATH)/ShadowRecord"; BUNDLE_LOADER = "$(TEST_HOST)";}; };
44C09E04D3512CF483816032 = { isa = XCBuildConfiguration; name = Release; buildSettings = {MARKETING_VERSION = 1.4.1; CURRENT_PROJECT_VERSION = 11; PRODUCT_NAME = ShadowRecordTests; PRODUCT_BUNDLE_IDENTIFIER = blog.epiclog.shadowrecord.tests; GENERATE_INFOPLIST_FILE = YES; COPY_PHASE_STRIP = NO; SWIFT_VERSION = 5.0; IPHONEOS_DEPLOYMENT_TARGET = 26.0; TARGETED_DEVICE_FAMILY = 1; CODE_SIGN_STYLE = Automatic; SDKROOT = iphoneos; SUPPORTED_PLATFORMS = "iphoneos iphonesimulator"; SWIFT_STRICT_CONCURRENCY = complete; SWIFT_OPTIMIZATION_LEVEL = "-O"; ENABLE_TESTABILITY = NO; TEST_HOST = "$(BUILT_PRODUCTS_DIR)/ShadowRecord.app/$(BUNDLE_EXECUTABLE_FOLDER_PATH)/ShadowRecord"; BUNDLE_LOADER = "$(TEST_HOST)";}; };
AED7AEFD78F0305F39353739 = { isa = XCConfigurationList; buildConfigurations = (765AC2B597AB8C32A836D10F,44C09E04D3512CF483816032); defaultConfigurationIsVisible = 0; defaultConfigurationName = Release; };
22296FF9CB8E56BAE8962B09 = { isa = PBXContainerItemProxy; containerPortal = 98F54143AB4E86B28C3AFEE0; proxyType = 1; remoteGlobalIDString = 487B1A5EC4DDD2DE3D13F0E2; remoteInfo = ShadowRecord; };
0B458F8BD79A63AE66D29401 = { isa = PBXTargetDependency; target = 487B1A5EC4DDD2DE3D13F0E2; targetProxy = 22296FF9CB8E56BAE8962B09; };
A028D9F604CF9B05210C8A90 = { isa = PBXNativeTarget; name = ShadowRecordTests; productName = ShadowRecordTests; productType = "com.apple.product-type.bundle.unit-test"; productReference = C4E74DD0EABBC6B25B9A71CB; buildConfigurationList = AED7AEFD78F0305F39353739; buildPhases = (1E2AAF89AB8CFCF88E432676,C8ADC530F6470E1CCA9A8424,5075F9DA7124065AFCAB8AB2); buildRules = (); dependencies = (0B458F8BD79A63AE66D29401); };
B0F1FD211CDA30B5B8B42C9F = { isa = PBXFileReference; explicitFileType = wrapper.cfbundle; path = ShadowRecordUITests.xctest; sourceTree = BUILT_PRODUCTS_DIR; };
2280AEB196F2036CD6E360FF = { isa = PBXSourcesBuildPhase; buildActionMask = 2147483647; files = (A605D8E7D42CE01B95D2E98B); runOnlyForDeploymentPostprocessing = 0; };
AAFD0CDCF5E93D69AF7C4DB7 = { isa = PBXFrameworksBuildPhase; buildActionMask = 2147483647; files = (); runOnlyForDeploymentPostprocessing = 0; };
A7C63E2439F1C6404FCAA264 = { isa = PBXResourcesBuildPhase; buildActionMask = 2147483647; files = (); runOnlyForDeploymentPostprocessing = 0; };
444C59FAE78445470B1BDF70 = { isa = XCBuildConfiguration; name = Debug; buildSettings = {MARKETING_VERSION = 1.4.1; CURRENT_PROJECT_VERSION = 11; PRODUCT_NAME = ShadowRecordUITests; PRODUCT_BUNDLE_IDENTIFIER = blog.epiclog.shadowrecord.uitests; GENERATE_INFOPLIST_FILE = YES; COPY_PHASE_STRIP = NO; SWIFT_VERSION = 5.0; IPHONEOS_DEPLOYMENT_TARGET = 26.0; TARGETED_DEVICE_FAMILY = 1; CODE_SIGN_STYLE = Automatic; SDKROOT = iphoneos; SUPPORTED_PLATFORMS = "iphoneos iphonesimulator"; SWIFT_STRICT_CONCURRENCY = complete; SWIFT_OPTIMIZATION_LEVEL = "-Onone"; ENABLE_TESTABILITY = YES; TEST_TARGET_NAME = ShadowRecord;}; };
1FB4820AB08987B799E8D1A4 = { isa = XCBuildConfiguration; name = Release; buildSettings = {MARKETING_VERSION = 1.4.1; CURRENT_PROJECT_VERSION = 11; PRODUCT_NAME = ShadowRecordUITests; PRODUCT_BUNDLE_IDENTIFIER = blog.epiclog.shadowrecord.uitests; GENERATE_INFOPLIST_FILE = YES; COPY_PHASE_STRIP = NO; SWIFT_VERSION = 5.0; IPHONEOS_DEPLOYMENT_TARGET = 26.0; TARGETED_DEVICE_FAMILY = 1; CODE_SIGN_STYLE = Automatic; SDKROOT = iphoneos; SUPPORTED_PLATFORMS = "iphoneos iphonesimulator"; SWIFT_STRICT_CONCURRENCY = complete; SWIFT_OPTIMIZATION_LEVEL = "-O"; ENABLE_TESTABILITY = NO; TEST_TARGET_NAME = ShadowRecord;}; };
54406CF672AA89440B1FF5D4 = { isa = XCConfigurationList; buildConfigurations = (444C59FAE78445470B1BDF70,1FB4820AB08987B799E8D1A4); defaultConfigurationIsVisible = 0; defaultConfigurationName = Release; };
6DF2B02D4546319526CCF5DF = { isa = PBXContainerItemProxy; containerPortal = 98F54143AB4E86B28C3AFEE0; proxyType = 1; remoteGlobalIDString = 487B1A5EC4DDD2DE3D13F0E2; remoteInfo = ShadowRecord; };
7F1C2B8BF9EF98E6D89B8D2F = { isa = PBXTargetDependency; target = 487B1A5EC4DDD2DE3D13F0E2; targetProxy = 6DF2B02D4546319526CCF5DF; };
71EED6E5678B253C36FA1895 = { isa = PBXNativeTarget; name = ShadowRecordUITests; productName = ShadowRecordUITests; productType = "com.apple.product-type.bundle.ui-testing"; productReference = B0F1FD211CDA30B5B8B42C9F; buildConfigurationList = 54406CF672AA89440B1FF5D4; buildPhases = (2280AEB196F2036CD6E360FF,AAFD0CDCF5E93D69AF7C4DB7,A7C63E2439F1C6404FCAA264); buildRules = (); dependencies = (7F1C2B8BF9EF98E6D89B8D2F); };
E5570D80494EA3CE92E61CA1 = { isa = PBXFileReference; explicitFileType = wrapper.app-extension; path = ShadowRecordControls.appex; sourceTree = BUILT_PRODUCTS_DIR; };
888C51081AC6B1CF72070741 = { isa = PBXBuildFile; fileRef = 6867408DA4B211E08BDFB559; };
294D13C9912BE1EEA75922E1 = { isa = PBXBuildFile; fileRef = DD686DA4BC764777ABBB24FE; };
E26F202632DA5CD90235383B = { isa = PBXSourcesBuildPhase; buildActionMask = 2147483647; files = (4B5FB2C912687627ADFC7831,91DEE48562885D630DB07377,888C51081AC6B1CF72070741,294D13C9912BE1EEA75922E1); runOnlyForDeploymentPostprocessing = 0; };
FD56F97659F0FD4C3F85DFCB = { isa = PBXFrameworksBuildPhase; buildActionMask = 2147483647; files = (); runOnlyForDeploymentPostprocessing = 0; };
6CC2F9DAD3F29C4B3E45CC9B = { isa = PBXResourcesBuildPhase; buildActionMask = 2147483647; files = (); runOnlyForDeploymentPostprocessing = 0; };
0F222ACC89DD70420CCA0B4A = { isa = XCBuildConfiguration; name = Debug; buildSettings = {MARKETING_VERSION = 1.4.1; CURRENT_PROJECT_VERSION = 11; PRODUCT_NAME = ShadowRecordControls; PRODUCT_BUNDLE_IDENTIFIER = blog.epiclog.shadowrecord.controls; GENERATE_INFOPLIST_FILE = NO; COPY_PHASE_STRIP = NO; SWIFT_VERSION = 5.0; IPHONEOS_DEPLOYMENT_TARGET = 26.0; TARGETED_DEVICE_FAMILY = 1; CODE_SIGN_STYLE = Automatic; SDKROOT = iphoneos; SUPPORTED_PLATFORMS = "iphoneos iphonesimulator"; SWIFT_STRICT_CONCURRENCY = complete; SWIFT_OPTIMIZATION_LEVEL = "-Onone"; ENABLE_TESTABILITY = YES; INFOPLIST_FILE = Resources/Controls-Info.plist; APPLICATION_EXTENSION_API_ONLY = YES; SKIP_INSTALL = YES; SWIFT_ACTIVE_COMPILATION_CONDITIONS = CONTROL_EXTENSION; LD_RUNPATH_SEARCH_PATHS = "$(inherited) @executable_path/Frameworks @executable_path/../../Frameworks";}; };
BD7327245E3DDE3B7C5C96A8 = { isa = XCBuildConfiguration; name = Release; buildSettings = {MARKETING_VERSION = 1.4.1; CURRENT_PROJECT_VERSION = 11; PRODUCT_NAME = ShadowRecordControls; PRODUCT_BUNDLE_IDENTIFIER = blog.epiclog.shadowrecord.controls; GENERATE_INFOPLIST_FILE = NO; COPY_PHASE_STRIP = NO; SWIFT_VERSION = 5.0; IPHONEOS_DEPLOYMENT_TARGET = 26.0; TARGETED_DEVICE_FAMILY = 1; CODE_SIGN_STYLE = Automatic; SDKROOT = iphoneos; SUPPORTED_PLATFORMS = "iphoneos iphonesimulator"; SWIFT_STRICT_CONCURRENCY = complete; SWIFT_OPTIMIZATION_LEVEL = "-O"; ENABLE_TESTABILITY = NO; INFOPLIST_FILE = Resources/Controls-Info.plist; APPLICATION_EXTENSION_API_ONLY = YES; SKIP_INSTALL = YES; SWIFT_ACTIVE_COMPILATION_CONDITIONS = CONTROL_EXTENSION; LD_RUNPATH_SEARCH_PATHS = "$(inherited) @executable_path/Frameworks @executable_path/../../Frameworks";}; };
1EB506225A67CA66B0FBF3F7 = { isa = XCConfigurationList; buildConfigurations = (0F222ACC89DD70420CCA0B4A,BD7327245E3DDE3B7C5C96A8); defaultConfigurationIsVisible = 0; defaultConfigurationName = Release; };
5FA334781D3198A9FC2D3B2B = { isa = PBXNativeTarget; name = ShadowRecordControls; productName = ShadowRecordControls; productType = "com.apple.product-type.app-extension"; productReference = E5570D80494EA3CE92E61CA1; buildConfigurationList = 1EB506225A67CA66B0FBF3F7; buildPhases = (E26F202632DA5CD90235383B,FD56F97659F0FD4C3F85DFCB,6CC2F9DAD3F29C4B3E45CC9B); buildRules = (); dependencies = (); };
FBDC4F23F93125BBEEAE800C = { isa = PBXGroup; name = Products; sourceTree = "<group>"; children = (63B69CB6A27C352961D22BE1,C4E74DD0EABBC6B25B9A71CB,B0F1FD211CDA30B5B8B42C9F,E5570D80494EA3CE92E61CA1); };
B28B7AF69320201D1CF206EB = { isa = PBXGroup; sourceTree = "<group>"; children = (2EB56BE3C2D93CDAB0C52E67,39FDEC1194D94212B871A28B,8D5093D2C263EEDEAE2010BE,BEE75CA77F753E4846B45544,50D0D8DD11A959484CB838E0,3685E330EC5277A9DD5661C6,FBDC4F23F93125BBEEAE800C); };
89E1FD6268CC0F221A2BE178 = { isa = XCBuildConfiguration; name = Debug; buildSettings = { CLANG_ENABLE_MODULES = YES; SWIFT_VERSION = 5.0; IPHONEOS_DEPLOYMENT_TARGET = 26.0; DEBUG_INFORMATION_FORMAT = dwarf; }; };
E6DE6C99132752C914FEF632 = { isa = XCBuildConfiguration; name = Release; buildSettings = { CLANG_ENABLE_MODULES = YES; SWIFT_VERSION = 5.0; IPHONEOS_DEPLOYMENT_TARGET = 26.0; DEBUG_INFORMATION_FORMAT = dwarf; }; };
862894B703A6DEDF96A9DD6C = { isa = XCConfigurationList; buildConfigurations = (89E1FD6268CC0F221A2BE178,E6DE6C99132752C914FEF632); defaultConfigurationIsVisible = 0; defaultConfigurationName = Release; };
98F54143AB4E86B28C3AFEE0 = { isa = PBXProject; attributes = { LastUpgradeCheck = 2650; }; buildConfigurationList = 862894B703A6DEDF96A9DD6C; compatibilityVersion = "Xcode 14.0"; developmentRegion = ja; knownRegions = (ja,en,Base); mainGroup = B28B7AF69320201D1CF206EB; productRefGroup = FBDC4F23F93125BBEEAE800C; projectDirPath = ""; projectRoot = ""; targets = (487B1A5EC4DDD2DE3D13F0E2,A028D9F604CF9B05210C8A90,71EED6E5678B253C36FA1895,5FA334781D3198A9FC2D3B2B); };
}; rootObject = 98F54143AB4E86B28C3AFEE0; }
