<?xml version="1.0" encoding="UTF-8"?>
<Scheme LastUpgradeVersion="2650" version="1.3"><BuildAction parallelizeBuildables="YES" buildImplicitDependencies="YES"><BuildActionEntries><BuildActionEntry buildForTesting="YES" buildForRunning="YES" buildForProfiling="YES" buildForArchiving="YES" buildForAnalyzing="YES"><BuildableReference BuildableIdentifier="primary" BlueprintIdentifier="487B1A5EC4DDD2DE3D13F0E2" BuildableName="ShadowRecord.app" BlueprintName="ShadowRecord" ReferencedContainer="container:シャドバ戦績研究.xcodeproj"/></BuildActionEntry></BuildActionEntries></BuildAction><TestAction buildConfiguration="Debug" selectedDebuggerIdentifier="Xcode.DebuggerFoundation.Debugger.LLDB" selectedLauncherIdentifier="Xcode.IDEFoundation.Launcher.LLDB" shouldUseLaunchSchemeArgsEnv="YES"><Testables><TestableReference skipped="NO"><BuildableReference BuildableIdentifier="primary" BlueprintIdentifier="A028D9F604CF9B05210C8A90" BuildableName="ShadowRecordTests.xctest" BlueprintName="ShadowRecordTests" ReferencedContainer="container:シャドバ戦績研究.xcodeproj"/></TestableReference><TestableReference skipped="NO"><BuildableReference BuildableIdentifier="primary" BlueprintIdentifier="71EED6E5678B253C36FA1895" BuildableName="ShadowRecordUITests.xctest" BlueprintName="ShadowRecordUITests" ReferencedContainer="container:シャドバ戦績研究.xcodeproj"/></TestableReference></Testables></TestAction><LaunchAction buildConfiguration="Debug" selectedDebuggerIdentifier="Xcode.DebuggerFoundation.Debugger.LLDB" selectedLauncherIdentifier="Xcode.IDEFoundation.Launcher.LLDB" launchStyle="0" useCustomWorkingDirectory="NO" ignoresPersistentStateOnLaunch="NO" debugDocumentVersioning="YES" allowLocationSimulation="YES"><BuildableProductRunnable runnableDebuggingMode="0"><BuildableReference BuildableIdentifier="primary" BlueprintIdentifier="487B1A5EC4DDD2DE3D13F0E2" BuildableName="ShadowRecord.app" BlueprintName="ShadowRecord" ReferencedContainer="container:シャドバ戦績研究.xcodeproj"/></BuildableProductRunnable></LaunchAction><ProfileAction buildConfiguration="Release" shouldUseLaunchSchemeArgsEnv="YES" useCustomWorkingDirectory="NO" debugDocumentVersioning="YES"><BuildableProductRunnable runnableDebuggingMode="0"><BuildableReference BuildableIdentifier="primary" BlueprintIdentifier="487B1A5EC4DDD2DE3D13F0E2" BuildableName="ShadowRecord.app" BlueprintName="ShadowRecord" ReferencedContainer="container:シャドバ戦績研究.xcodeproj"/></BuildableProductRunnable></ProfileAction><AnalyzeAction buildConfiguration="Debug"/><ArchiveAction buildConfiguration="Release" revealArchiveInOrganizer="YES"/></Scheme>